
Microsoft Visual Studio Solution File, Format Version 12.00
# Visual Studio Version 16
VisualStudioVersion = 16.0.30002.166
MinimumVisualStudioVersion = 10.0.40219.1
Project("{9A19103F-16F7-4668-BE54-9A1E7A4F7556}") = "TBoard.WebApi", "TBoard.WebApi\TBoard.WebApi.csproj", "{C102838A-39F9-48C9-B179-D40B6C8E0297}"
EndProject
Project("{9A19103F-16F7-4668-BE54-9A1E7A4F7556}") = "TBoard.Entities", "TBoard.Entities\TBoard.Entities.csproj", "{8364D52E-92EC-4F59-A8DF-BBAC0104A507}"
EndProject
Project("{9A19103F-16F7-4668-BE54-9A1E7A4F7556}") = "TBoard.Infrastructure", "TBoard.Infrastructure\TBoard.Infrastructure.csproj", "{C2EBD360-598A-493C-9F3D-EA30CCB96C6D}"
EndProject
Project("{9A19103F-16F7-4668-BE54-9A1E7A4F7556}") = "TBoard.Dto", "TBoard.Dto\TBoard.Dto.csproj", "{8EF53A24-774E-474D-A10C-B31EFB7D3F96}"
EndProject
Global
	GlobalSection(SolutionConfigurationPlatforms) = preSolution
		Debug|Any CPU = Debug|Any CPU
		Release|Any CPU = Release|Any CPU
	EndGlobalSection
	GlobalSection(ProjectConfigurationPlatforms) = postSolution
		{C102838A-39F9-48C9-B179-D40B6C8E0297}.Debug|Any CPU.ActiveCfg = Debug|Any CPU
		{C102838A-39F9-48C9-B179-D40B6C8E0297}.Debug|Any CPU.Build.0 = Debug|Any CPU
		{C102838A-39F9-48C9-B179-D40B6C8E0297}.Release|Any CPU.ActiveCfg = Release|Any CPU
		{C102838A-39F9-48C9-B179-D40B6C8E0297}.Release|Any CPU.Build.0 = Release|Any CPU
		{8364D52E-92EC-4F59-A8DF-BBAC0104A507}.Debug|Any CPU.ActiveCfg = Debug|Any CPU
		{8364D52E-92EC-4F59-A8DF-BBAC0104A507}.Debug|Any CPU.Build.0 = Debug|Any CPU
		{8364D52E-92EC-4F59-A8DF-BBAC0104A507}.Release|Any CPU.ActiveCfg = Release|Any CPU
		{8364D52E-92EC-4F59-A8DF-BBAC0104A507}.Release|Any CPU.Build.0 = Release|Any CPU
		{C2EBD360-598A-493C-9F3D-EA30CCB96C6D}.Debug|Any CPU.ActiveCfg = Debug|Any CPU
		{C2EBD360-598A-493C-9F3D-EA30CCB96C6D}.Debug|Any CPU.Build.0 = Debug|Any CPU
		{C2EBD360-598A-493C-9F3D-EA30CCB96C6D}.Release|Any CPU.ActiveCfg = Release|Any CPU
		{C2EBD360-598A-493C-9F3D-EA30CCB96C6D}.Release|Any CPU.Build.0 = Release|Any CPU
		{8EF53A24-774E-474D-A10C-B31EFB7D3F96}.Debug|Any CPU.ActiveCfg = Debug|Any CPU
		{8EF53A24-774E-474D-A10C-B31EFB7D3F96}.Debug|Any CPU.Build.0 = Debug|Any CPU
		{8EF53A24-774E-474D-A10C-B31EFB7D3F96}.Release|Any CPU.ActiveCfg = Release|Any CPU
		{8EF53A24-774E-474D-A10C-B31EFB7D3F96}.Release|Any CPU.Build.0 = Release|Any CPU
	EndGlobalSection
	GlobalSection(SolutionProperties) = preSolution
		HideSolutionNode = FALSE
	EndGlobalSection
	GlobalSection(ExtensibilityGlobals) = postSolution
		SolutionGuid = {8C6C95C0-9987-49A1-9776-E65C330ABDD9}
	EndGlobalSection
EndGlobal
